
Microsoft Visual Studio Solution File, Format Version 12.00
# Visual Studio Version 17
VisualStudioVersion = 17.2.32630.192
MinimumVisualStudioVersion = 10.0.40219.1
Project("{FAE04EC0-301F-11D3-BF4B-00C04F79EFBC}") = "Coin.Dispenser", "Coin.Dispenser\Coin.Dispenser.csproj", "{00E75012-A0BD-410B-9220-38C2641BD852}"
EndProject
Project("{FAE04EC0-301F-11D3-BF4B-00C04F79EFBC}") = "Coin.Dispenser.DataAccess", "Coin.Dispenser.DataAccess\Coin.Dispenser.DataAccess.csproj", "{AAB713D0-E362-45EE-B21E-ACF0729D4F62}"
EndProject
Project("{FAE04EC0-301F-11D3-BF4B-00C04F79EFBC}") = "Coin.Dispenser.Test", "Coin.Dispenser.Test\Coin.Dispenser.Test.csproj", "{1E87BEF9-BDE8-48DA-B6A1-267B4019CFBD}"
EndProject
Global
	GlobalSection(SolutionConfigurationPlatforms) = preSolution
		Debug|Any CPU = Debug|Any CPU
		Release|Any CPU = Release|Any CPU
	EndGlobalSection
	GlobalSection(ProjectConfigurationPlatforms) = postSolution
		{00E75012-A0BD-410B-9220-38C2641BD852}.Debug|Any CPU.ActiveCfg = Debug|Any CPU
		{00E75012-A0BD-410B-9220-38C2641BD852}.Debug|Any CPU.Build.0 = Debug|Any CPU
		{00E75012-A0BD-410B-9220-38C2641BD852}.Release|Any CPU.ActiveCfg = Release|Any CPU
		{00E75012-A0BD-410B-9220-38C2641BD852}.Release|Any CPU.Build.0 = Release|Any CPU
		{AAB713D0-E362-45EE-B21E-ACF0729D4F62}.Debug|Any CPU.ActiveCfg = Debug|Any CPU
		{AAB713D0-E362-45EE-B21E-ACF0729D4F62}.Debug|Any CPU.Build.0 = Debug|Any CPU
		{AAB713D0-E362-45EE-B21E-ACF0729D4F62}.Release|Any CPU.ActiveCfg = Release|Any CPU
		{AAB713D0-E362-45EE-B21E-ACF0729D4F62}.Release|Any CPU.Build.0 = Release|Any CPU
		{1E87BEF9-BDE8-48DA-B6A1-267B4019CFBD}.Debug|Any CPU.ActiveCfg = Debug|Any CPU
		{1E87BEF9-BDE8-48DA-B6A1-267B4019CFBD}.Debug|Any CPU.Build.0 = Debug|Any CPU
		{1E87BEF9-BDE8-48DA-B6A1-267B4019CFBD}.Release|Any CPU.ActiveCfg = Release|Any CPU
		{1E87BEF9-BDE8-48DA-B6A1-267B4019CFBD}.Release|Any CPU.Build.0 = Release|Any CPU
	EndGlobalSection
	GlobalSection(SolutionProperties) = preSolution
		HideSolutionNode = FALSE
	EndGlobalSection
	GlobalSection(ExtensibilityGlobals) = postSolution
		SolutionGuid = {38DEC825-70F6-48FF-838E-2572E15A4487}
	EndGlobalSection
EndGlobal
